{
  "originHash" : "5fa06273b8622e2f46cdcdbaf063ca1e782d2445ae336391de811fd7af081e6d",
  "pins" : [
    {
      "identity" : "posthog-ios",
      "kind" : "remoteSourceControl",
      "location" : "https://github.com/PostHog/posthog-ios.git",
      "state" : {
        "revision" : "6d1186fe0471f76d9b87b83e96bcb8ff5db72732",
        "version" : "3.37.2"
      }
    },
    {
      "identity" : "purchases-ios-spm",
      "kind" : "remoteSourceControl",
      "location" : "https://github.com/RevenueCat/purchases-ios-spm.git",
      "state" : {
        "revision" : "15df2ed7feb372d1ba53e7b0e968838f17a78c02",
        "version" : "5.54.0"
      }
    }
  ],
  "version" : 3
}
