// !$*UTF8*$!
{
	archiveVersion = 1;
	classes = {
	};
	objectVersion = 77;
	objects = {

/* Begin PBXBuildFile section */
		224255F92F1A455B0088B260 /* PostHog in Frameworks */ = {isa = PBXBuildFile; productRef = 224255F82F1A455B0088B260 /* PostHog */; };
		22692CD82F15502A00FEC1FE /* RevenueCat in Frameworks */ = {isa = PBXBuildFile; productRef = 22692CD72F15502A00FEC1FE /* RevenueCat */; };
		22692CDA2F15502A00FEC1FE /* RevenueCatUI in Frameworks */ = {isa = PBXBuildFile; productRef = 22692CD92F15502A00FEC1FE /* RevenueCatUI */; };
/* End PBXBuildFile section */

/* Begin PBXContainerItemProxy section */
		22C50EF02EF44BCB000FED8C /* PBXContainerItemProxy */ = {
			isa = PBXContainerItemProxy;
			containerPortal = 22C50EDA2EF44BC8000FED8C /* Project object */;
			proxyType = 1;
			remoteGlobalIDString = 22C50EE12EF44BC8000FED8C;
			remoteInfo = Certain;
		};
		22C50EFA2EF44BCB000FED8C /* PBXContainerItemProxy */ = {
			isa = PBXContainerItemProxy;
			containerPortal = 22C50EDA2EF44BC8000FED8C /* Project object */;
			proxyType = 1;
			remoteGlobalIDString = 22C50EE12EF44BC8000FED8C;
			remoteInfo = Certain;
		};
/* End PBXContainerItemProxy section */

/* Begin PBXFileReference section */
		22C50EE22EF44BC8000FED8C /* Certain.app */ = {isa = PBXFileReference; explicitFileType = wrapper.application; includeInIndex = 0; path = Certain.app; sourceTree = BUILT_PRODUCTS_DIR; };
		22C50EEF2EF44BCB000FED8C /* CertainTests.xctest */ = {isa = PBXFileReference; explicitFileType = wrapper.cfbundle; includeInIndex = 0; path = CertainTests.xctest; sourceTree = BUILT_PRODUCTS_DIR; };
		22C50EF92EF44BCB000FED8C /* CertainUITests.xctest */ = {isa = PBXFileReference; explicitFileType = wrapper.cfbundle; includeInIndex = 0; path = CertainUITests.xctest; sourceTree = BUILT_PRODUCTS_DIR; };
/* End PBXFileReference section */

/* Begin PBXFileSystemSynchronizedRootGroup section */
		22C50EE42EF44BC8000FED8C /* Certain */ = {
			isa = PBXFileSystemSynchronizedRootGroup;
			path = Certain;
			sourceTree = "<group>";
		};
		22C50EF22EF44BCB000FED8C /* CertainTests */ = {
			isa = PBXFileSystemSynchronizedRootGroup;
			path = CertainTests;
			sourceTree = "<group>";
		};
		22C50EFC2EF44BCB000FED8C /* CertainUITests */ = {
			isa = PBXFileSystemSynchronizedRootGroup;
			path = CertainUITests;
			sourceTree = "<group>";
		};
/* End PBXFileSystemSynchronizedRootGroup section */

/* Begin PBXFrameworksBuildPhase section */
		22C50EDF2EF44BC8000FED8C /* Frameworks */ = {
			isa = PBXFrameworksBuildPhase;
			buildActionMask = 2147483647;
			files = (
				224255F92F1A455B0088B260 /* PostHog in Frameworks */,
				22692CDA2F15502A00FEC1FE /* RevenueCatUI in Frameworks */,
				22692CD82F15502A00FEC1FE /* RevenueCat in Frameworks */,
			);
			runOnlyForDeploymentPostprocessing = 0;
		};
		22C50EEC2EF44BCB000FED8C /* Frameworks */ = {
			isa = PBXFrameworksBuildPhase;
			buildActionMask = 2147483647;
			files = (
			);
			runOnlyForDeploymentPostprocessing = 0;
		};
		22C50EF62EF44BCB000FED8C /* Frameworks */ = {
			isa = PBXFrameworksBuildPhase;
			buildActionMask = 2147483647;
			files = (
			);
			runOnlyForDeploymentPostprocessing = 0;
		};
/* End PBXFrameworksBuildPhase section */

/* Begin PBXGroup section */
		22C50ED92EF44BC8000FED8C = {
			isa = PBXGroup;
			children = (
				22C50EE42EF44BC8000FED8C /* Certain */,
				22C50EF22EF44BCB000FED8C /* CertainTests */,
				22C50EFC2EF44BCB000FED8C /* CertainUITests */,
				22C50EE32EF44BC8000FED8C /* Products */,
			);
			sourceTree = "<group>";
		};
		22C50EE32EF44BC8000FED8C /* Products */ = {
			isa = PBXGroup;
			children = (
				22C50EE22EF44BC8000FED8C /* Certain.app */,
				22C50EEF2EF44BCB000FED8C /* CertainTests.xctest */,
				22C50EF92EF44BCB000FED8C /* CertainUITests.xctest */,
			);
			name = Products;
			sourceTree = "<group>";
		};
/* End PBXGroup section */

/* Begin PBXNativeTarget section */
		22C50EE12EF44BC8000FED8C /* Certain */ = {
			isa = PBXNativeTarget;
			buildConfigurationList = 22C50F032EF44BCB000FED8C /* Build configuration list for PBXNativeTarget "Certain" */;
			buildPhases = (
				22C50EDE2EF44BC8000FED8C /* Sources */,
				22C50EDF2EF44BC8000FED8C /* Frameworks */,
				22C50EE02EF44BC8000FED8C /* Resources */,
			);
			buildRules = (
			);
			dependencies = (
			);
			fileSystemSynchronizedGroups = (
				22C50EE42EF44BC8000FED8C /* Certain */,
			);
			name = Certain;
			packageProductDependencies = (
				22692CD72F15502A00FEC1FE /* RevenueCat */,
				22692CD92F15502A00FEC1FE /* RevenueCatUI */,
				224255F82F1A455B0088B260 /* PostHog */,
			);
			productName = Certain;
			productReference = 22C50EE22EF44BC8000FED8C /* Certain.app */;
			productType = "com.apple.product-type.application";
		};
		22C50EEE2EF44BCB000FED8C /* CertainTests */ = {
			isa = PBXNativeTarget;
			buildConfigurationList = 22C50F062EF44BCB000FED8C /* Build configuration list for PBXNativeTarget "CertainTests" */;
			buildPhases = (
				22C50EEB2EF44BCB000FED8C /* Sources */,
				22C50EEC2EF44BCB000FED8C /* Frameworks */,
				22C50EED2EF44BCB000FED8C /* Resources */,
			);
			buildRules = (
			);
			dependencies = (
				22C50EF12EF44BCB000FED8C /* PBXTargetDependency */,
			);
			fileSystemSynchronizedGroups = (
				22C50EF22EF44BCB000FED8C /* CertainTests */,
			);
			name = CertainTests;
			packageProductDependencies = (
			);
			productName = CertainTests;
			productReference = 22C50EEF2EF44BCB000FED8C /* CertainTests.xctest */;
			productType = "com.apple.product-type.bundle.unit-test";
		};
		22C50EF82EF44BCB000FED8C /* CertainUITests */ = {
			isa = PBXNativeTarget;
			buildConfigurationList = 22C50F092EF44BCB000FED8C /* Build configuration list for PBXNativeTarget "CertainUITests" */;
			buildPhases = (
				22C50EF52EF44BCB000FED8C /* Sources */,
				22C50EF62EF44BCB000FED8C /* Frameworks */,
				22C50EF72EF44BCB000FED8C /* Resources */,
			);
			buildRules = (
			);
			dependencies = (
				22C50EFB2EF44BCB000FED8C /* PBXTargetDependency */,
			);
			fileSystemSynchronizedGroups = (
				22C50EFC2EF44BCB000FED8C /* CertainUITests */,
			);
			name = CertainUITests;
			packageProductDependencies = (
			);
			productName = CertainUITests;
			productReference = 22C50EF92EF44BCB000FED8C /* CertainUITests.xctest */;
			productType = "com.apple.product-type.bundle.ui-testing";
		};
/* End PBXNativeTarget section */

/* Begin PBXProject section */
		22C50EDA2EF44BC8000FED8C /* Project object */ = {
			isa = PBXProject;
			attributes = {
				BuildIndependentTargetsInParallel = 1;
				LastSwiftUpdateCheck = 1640;
				LastUpgradeCheck = 1640;
				TargetAttributes = {
					22C50EE12EF44BC8000FED8C = {
						CreatedOnToolsVersion = 16.4;
					};
					22C50EEE2EF44BCB000FED8C = {
						CreatedOnToolsVersion = 16.4;
						TestTargetID = 22C50EE12EF44BC8000FED8C;
					};
					22C50EF82EF44BCB000FED8C = {
						CreatedOnToolsVersion = 16.4;
						TestTargetID = 22C50EE12EF44BC8000FED8C;
					};
				};
			};
			buildConfigurationList = 22C50EDD2EF44BC8000FED8C /* Build configuration list for PBXProject "Certain" */;
			developmentRegion = en;
			hasScannedForEncodings = 0;
			knownRegions = (
				en,
				Base,
			);
			mainGroup = 22C50ED92EF44BC8000FED8C;
			minimizedProjectReferenceProxies = 1;
			packageReferences = (
				22692CD62F15502A00FEC1FE /* XCRemoteSwiftPackageReference "purchases-ios-spm" */,
				224255F72F1A455B0088B260 /* XCRemoteSwiftPackageReference "posthog-ios" */,
			);
			preferredProjectObjectVersion = 77;
			productRefGroup = 22C50EE32EF44BC8000FED8C /* Products */;
			projectDirPath = "";
			projectRoot = "";
			targets = (
				22C50EE12EF44BC8000FED8C /* Certain */,
				22C50EEE2EF44BCB000FED8C /* CertainTests */,
				22C50EF82EF44BCB000FED8C /* CertainUITests */,
			);
		};
/* End PBXProject section */

/* Begin PBXResourcesBuildPhase section */
		22C50EE02EF44BC8000FED8C /* Resources */ = {
			isa = PBXResourcesBuildPhase;
			buildActionMask = 2147483647;
			files = (
			);
			runOnlyForDeploymentPostprocessing = 0;
		};
		22C50EED2EF44BCB000FED8C /* Resources */ = {
			isa = PBXResourcesBuildPhase;
			buildActionMask = 2147483647;
			files = (
			);
			runOnlyForDeploymentPostprocessing = 0;
		};
		22C50EF72EF44BCB000FED8C /* Resources */ = {
			isa = PBXResourcesBuildPhase;
			buildActionMask = 2147483647;
			files = (
			);
			runOnlyForDeploymentPostprocessing = 0;
		};
/* End PBXResourcesBuildPhase section */

/* Begin PBXSourcesBuildPhase section */
		22C50EDE2EF44BC8000FED8C /* Sources */ = {
			isa = PBXSourcesBuildPhase;
			buildActionMask = 2147483647;
			files = (
			);
			runOnlyForDeploymentPostprocessing = 0;
		};
		22C50EEB2EF44BCB000FED8C /* Sources */ = {
			isa = PBXSourcesBuildPhase;
			buildActionMask = 2147483647;
			files = (
			);
			runOnlyForDeploymentPostprocessing = 0;
		};
		22C50EF52EF44BCB000FED8C /* Sources */ = {
			isa = PBXSourcesBuildPhase;
			buildActionMask = 2147483647;
			files = (
			);
			runOnlyForDeploymentPostprocessing = 0;
		};
/* End PBXSourcesBuildPhase section */

/* Begin PBXTargetDependency section */
		22C50EF12EF44BCB000FED8C /* PBXTargetDependency */ = {
			isa = PBXTargetDependency;
			target = 22C50EE12EF44BC8000FED8C /* Certain */;
			targetProxy = 22C50EF02EF44BCB000FED8C /* PBXContainerItemProxy */;
		};
		22C50EFB2EF44BCB000FED8C /* PBXTargetDependency */ = {
			isa = PBXTargetDependency;
			target = 22C50EE12EF44BC8000FED8C /* Certain */;
			targetProxy = 22C50EFA2EF44BCB000FED8C /* PBXContainerItemProxy */;
		};
/* End PBXTargetDependency section */

/* Begin XCBuildConfiguration section */
		22C50F012EF44BCB000FED8C /* Debug */ = {
			isa = XCBuildConfiguration;
			buildSettings = {
				ALWAYS_SEARCH_USER_PATHS = NO;
				ASSETCATALOG_COMPILER_GENERATE_SWIFT_ASSET_SYMBOL_EXTENSIONS = YES;
				CLANG_ANALYZER_NONNULL = YES;
				CLANG_ANALYZER_NUMBER_OBJECT_CONVERSION = YES_AGGRESSIVE;
				CLANG_CXX_LANGUAGE_STANDARD = "gnu++20";
				CLANG_ENABLE_MODULES = YES;
				CLANG_ENABLE_OBJC_ARC = YES;
				CLANG_ENABLE_OBJC_WEAK = YES;
				CLANG_WARN_BLOCK_CAPTURE_AUTORELEASING = YES;
				CLANG_WARN_BOOL_CONVERSION = YES;
				CLANG_WARN_COMMA = YES;
				CLANG_WARN_CONSTANT_CONVERSION = YES;
				CLANG_WARN_DEPRECATED_OBJC_IMPLEMENTATIONS = YES;
				CLANG_WARN_DIRECT_OBJC_ISA_USAGE = YES_ERROR;
				CLANG_WARN_DOCUMENTATION_COMMENTS = YES;
				CLANG_WARN_EMPTY_BODY = YES;
				CLANG_WARN_ENUM_CONVERSION = YES;
				CLANG_WARN_INFINITE_RECURSION = YES;
				CLANG_WARN_INT_CONVERSION = YES;
				CLANG_WARN_NON_LITERAL_NULL_CONVERSION = YES;
				CLANG_WARN_OBJC_IMPLICIT_RETAIN_SELF = YES;
				CLANG_WARN_OBJC_LITERAL_CONVERSION = YES;
				CLANG_WARN_OBJC_ROOT_CLASS = YES_ERROR;
				CLANG_WARN_QUOTED_INCLUDE_IN_FRAMEWORK_HEADER = YES;
				CLANG_WARN_RANGE_LOOP_ANALYSIS = YES;
				CLANG_WARN_STRICT_PROTOTYPES = YES;
				CLANG_WARN_SUSPICIOUS_MOVE = YES;
				CLANG_WARN_UNGUARDED_AVAILABILITY = YES_AGGRESSIVE;
				CLANG_WARN_UNREACHABLE_CODE = YES;
				CLANG_WARN__DUPLICATE_METHOD_MATCH = YES;
				COPY_PHASE_STRIP = NO;
				DEBUG_INFORMATION_FORMAT = dwarf;
				ENABLE_STRICT_OBJC_MSGSEND = YES;
				ENABLE_TESTABILITY = YES;
				ENABLE_USER_SCRIPT_SANDBOXING = YES;
				GCC_C_LANGUAGE_STANDARD = gnu17;
				GCC_DYNAMIC_NO_PIC = NO;
				GCC_NO_COMMON_BLOCKS = YES;
				GCC_OPTIMIZATION_LEVEL = 0;
				GCC_PREPROCESSOR_DEFINITIONS = (
					"DEBUG=1",
					"$(inherited)",
				);
				GCC_WARN_64_TO_32_BIT_CONVERSION = YES;
				GCC_WARN_ABOUT_RETURN_TYPE = YES_ERROR;
				GCC_WARN_UNDECLARED_SELECTOR = YES;
				GCC_WARN_UNINITIALIZED_AUTOS = YES_AGGRESSIVE;
				GCC_WARN_UNUSED_FUNCTION = YES;
				GCC_WARN_UNUSED_VARIABLE = YES;
				IPHONEOS_DEPLOYMENT_TARGET = 17.0;
				LOCALIZATION_PREFERS_STRING_CATALOGS = YES;
				MTL_ENABLE_DEBUG_INFO = INCLUDE_SOURCE;
				MTL_FAST_MATH = YES;
				ONLY_ACTIVE_ARCH = YES;
				SDKROOT = iphoneos;
				SWIFT_ACTIVE_COMPILATION_CONDITIONS = "DEBUG $(inherited)";
				SWIFT_OPTIMIZATION_LEVEL = "-Onone";
			};
			name = Debug;
		};
		22C50F022EF44BCB000FED8C /* Release */ = {
			isa = XCBuildConfiguration;
			buildSettings = {
				ALWAYS_SEARCH_USER_PATHS = NO;
				ASSETCATALOG_COMPILER_GENERATE_SWIFT_ASSET_SYMBOL_EXTENSIONS = YES;
				CLANG_ANALYZER_NONNULL = YES;
				CLANG_ANALYZER_NUMBER_OBJECT_CONVERSION = YES_AGGRESSIVE;
				CLANG_CXX_LANGUAGE_STANDARD = "gnu++20";
				CLANG_ENABLE_MODULES = YES;
				CLANG_ENABLE_OBJC_ARC = YES;
				CLANG_ENABLE_OBJC_WEAK = YES;
				CLANG_WARN_BLOCK_CAPTURE_AUTORELEASING = YES;
				CLANG_WARN_BOOL_CONVERSION = YES;
				CLANG_WARN_COMMA = YES;
				CLANG_WARN_CONSTANT_CONVERSION = YES;
				CLANG_WARN_DEPRECATED_OBJC_IMPLEMENTATIONS = YES;
				CLANG_WARN_DIRECT_OBJC_ISA_USAGE = YES_ERROR;
				CLANG_WARN_DOCUMENTATION_COMMENTS = YES;
				CLANG_WARN_EMPTY_BODY = YES;
				CLANG_WARN_ENUM_CONVERSION = YES;
				CLANG_WARN_INFINITE_RECURSION = YES;
				CLANG_WARN_INT_CONVERSION = YES;
				CLANG_WARN_NON_LITERAL_NULL_CONVERSION = YES;
				CLANG_WARN_OBJC_IMPLICIT_RETAIN_SELF = YES;
				CLANG_WARN_OBJC_LITERAL_CONVERSION = YES;
				CLANG_WARN_OBJC_ROOT_CLASS = YES_ERROR;
				CLANG_WARN_QUOTED_INCLUDE_IN_FRAMEWORK_HEADER = YES;
				CLANG_WARN_RANGE_LOOP_ANALYSIS = YES;
				CLANG_WARN_STRICT_PROTOTYPES = YES;
				CLANG_WARN_SUSPICIOUS_MOVE = YES;
				CLANG_WARN_UNGUARDED_AVAILABILITY = YES_AGGRESSIVE;
				CLANG_WARN_UNREACHABLE_CODE = YES;
				CLANG_WARN__DUPLICATE_METHOD_MATCH = YES;
				COPY_PHASE_STRIP = NO;
				DEBUG_INFORMATION_FORMAT = "dwarf-with-dsym";
				ENABLE_NS_ASSERTIONS = NO;
				ENABLE_STRICT_OBJC_MSGSEND = YES;
				ENABLE_USER_SCRIPT_SANDBOXING = YES;
				GCC_C_LANGUAGE_STANDARD = gnu17;
				GCC_NO_COMMON_BLOCKS = YES;
				GCC_WARN_64_TO_32_BIT_CONVERSION = YES;
				GCC_WARN_ABOUT_RETURN_TYPE = YES_ERROR;
				GCC_WARN_UNDECLARED_SELECTOR = YES;
				GCC_WARN_UNINITIALIZED_AUTOS = YES_AGGRESSIVE;
				GCC_WARN_UNUSED_FUNCTION = YES;
				GCC_WARN_UNUSED_VARIABLE = YES;
				IPHONEOS_DEPLOYMENT_TARGET = 17.0;
				LOCALIZATION_PREFERS_STRING_CATALOGS = YES;
				MTL_ENABLE_DEBUG_INFO = NO;
				MTL_FAST_MATH = YES;
				SDKROOT = iphoneos;
				SWIFT_COMPILATION_MODE = wholemodule;
				VALIDATE_PRODUCT = YES;
			};
			name = Release;
		};
		22C50F042EF44BCB000FED8C /* Debug */ = {
			isa = XCBuildConfiguration;
			buildSettings = {
				ASSETCATALOG_COMPILER_APPICON_NAME = AppIcon;
				ASSETCATALOG_COMPILER_GLOBAL_ACCENT_COLOR_NAME = AccentColor;
				CODE_SIGN_STYLE = Automatic;
				CURRENT_PROJECT_VERSION = 1;
				DEVELOPMENT_TEAM = MM8B7V2TZY;
				ENABLE_PREVIEWS = YES;
				GENERATE_INFOPLIST_FILE = YES;
				INFOPLIST_KEY_NSCameraUsageDescription = "Certain needs camera access to take photos of locked doors and switched-off appliances for your peace of mind.";
				INFOPLIST_KEY_UIApplicationSceneManifest_Generation = YES;
				INFOPLIST_KEY_UIApplicationSupportsIndirectInputEvents = YES;
				INFOPLIST_KEY_UILaunchScreen_Generation = YES;
				INFOPLIST_KEY_UISupportedInterfaceOrientations_iPad = "UIInterfaceOrientationPortrait UIInterfaceOrientationPortraitUpsideDown UIInterfaceOrientationLandscapeLeft UIInterfaceOrientationLandscapeRight";
				INFOPLIST_KEY_UISupportedInterfaceOrientations_iPhone = "UIInterfaceOrientationPortrait UIInterfaceOrientationLandscapeLeft UIInterfaceOrientationLandscapeRight";
				LD_RUNPATH_SEARCH_PATHS = (
					"$(inherited)",
					"@executable_path/Frameworks",
				);
				MARKETING_VERSION = 1.1;
				PRODUCT_BUNDLE_IDENTIFIER = Junkle.Certain;
				PRODUCT_NAME = "$(TARGET_NAME)";
				SWIFT_EMIT_LOC_STRINGS = YES;
				SWIFT_VERSION = 5.0;
				TARGETED_DEVICE_FAMILY = "1,2";
			};
			name = Debug;
		};
		22C50F052EF44BCB000FED8C /* Release */ = {
			isa = XCBuildConfiguration;
			buildSettings = {
				ASSETCATALOG_COMPILER_APPICON_NAME = AppIcon;
				ASSETCATALOG_COMPILER_GLOBAL_ACCENT_COLOR_NAME = AccentColor;
				CODE_SIGN_STYLE = Automatic;
				CURRENT_PROJECT_VERSION = 1;
				DEVELOPMENT_TEAM = MM8B7V2TZY;
				ENABLE_PREVIEWS = YES;
				GENERATE_INFOPLIST_FILE = YES;
				INFOPLIST_KEY_NSCameraUsageDescription = "Certain needs camera access to take photos of locked doors and switched-off appliances for your peace of mind.";
				INFOPLIST_KEY_UIApplicationSceneManifest_Generation = YES;
				INFOPLIST_KEY_UIApplicationSupportsIndirectInputEvents = YES;
				INFOPLIST_KEY_UILaunchScreen_Generation = YES;
				INFOPLIST_KEY_UISupportedInterfaceOrientations_iPad = "UIInterfaceOrientationPortrait UIInterfaceOrientationPortraitUpsideDown UIInterfaceOrientationLandscapeLeft UIInterfaceOrientationLandscapeRight";
				INFOPLIST_KEY_UISupportedInterfaceOrientations_iPhone = "UIInterfaceOrientationPortrait UIInterfaceOrientationLandscapeLeft UIInterfaceOrientationLandscapeRight";
				LD_RUNPATH_SEARCH_PATHS = (
					"$(inherited)",
					"@executable_path/Frameworks",
				);
				MARKETING_VERSION = 1.1;
				PRODUCT_BUNDLE_IDENTIFIER = Junkle.Certain;
				PRODUCT_NAME = "$(TARGET_NAME)";
				SWIFT_EMIT_LOC_STRINGS = YES;
				SWIFT_VERSION = 5.0;
				TARGETED_DEVICE_FAMILY = "1,2";
			};
			name = Release;
		};
		22C50F072EF44BCB000FED8C /* Debug */ = {
			isa = XCBuildConfiguration;
			buildSettings = {
				BUNDLE_LOADER = "$(TEST_HOST)";
				CODE_SIGN_STYLE = Automatic;
				CURRENT_PROJECT_VERSION = 1;
				GENERATE_INFOPLIST_FILE = YES;
				IPHONEOS_DEPLOYMENT_TARGET = 17.0;
				MARKETING_VERSION = 1.1;
				PRODUCT_BUNDLE_IDENTIFIER = Junkle.CertainTests;
				PRODUCT_NAME = "$(TARGET_NAME)";
				SWIFT_EMIT_LOC_STRINGS = NO;
				SWIFT_VERSION = 5.0;
				TARGETED_DEVICE_FAMILY = "1,2";
				TEST_HOST = "$(BUILT_PRODUCTS_DIR)/Certain.app/$(BUNDLE_EXECUTABLE_FOLDER_PATH)/Certain";
			};
			name = Debug;
		};
		22C50F082EF44BCB000FED8C /* Release */ = {
			isa = XCBuildConfiguration;
			buildSettings = {
				BUNDLE_LOADER = "$(TEST_HOST)";
				CODE_SIGN_STYLE = Automatic;
				CURRENT_PROJECT_VERSION = 1;
				GENERATE_INFOPLIST_FILE = YES;
				IPHONEOS_DEPLOYMENT_TARGET = 17.0;
				MARKETING_VERSION = 1.1;
				PRODUCT_BUNDLE_IDENTIFIER = Junkle.CertainTests;
				PRODUCT_NAME = "$(TARGET_NAME)";
				SWIFT_EMIT_LOC_STRINGS = NO;
				SWIFT_VERSION = 5.0;
				TARGETED_DEVICE_FAMILY = "1,2";
				TEST_HOST = "$(BUILT_PRODUCTS_DIR)/Certain.app/$(BUNDLE_EXECUTABLE_FOLDER_PATH)/Certain";
			};
			name = Release;
		};
		22C50F0A2EF44BCB000FED8C /* Debug */ = {
			isa = XCBuildConfiguration;
			buildSettings = {
				CODE_SIGN_STYLE = Automatic;
				CURRENT_PROJECT_VERSION = 1;
				GENERATE_INFOPLIST_FILE = YES;
				MARKETING_VERSION = 1.1;
				PRODUCT_BUNDLE_IDENTIFIER = Junkle.CertainUITests;
				PRODUCT_NAME = "$(TARGET_NAME)";
				SWIFT_EMIT_LOC_STRINGS = NO;
				SWIFT_VERSION = 5.0;
				TARGETED_DEVICE_FAMILY = "1,2";
				TEST_TARGET_NAME = Certain;
			};
			name = Debug;
		};
		22C50F0B2EF44BCB000FED8C /* Release */ = {
			isa = XCBuildConfiguration;
			buildSettings = {
				CODE_SIGN_STYLE = Automatic;
				CURRENT_PROJECT_VERSION = 1;
				GENERATE_INFOPLIST_FILE = YES;
				MARKETING_VERSION = 1.1;
				PRODUCT_BUNDLE_IDENTIFIER = Junkle.CertainUITests;
				PRODUCT_NAME = "$(TARGET_NAME)";
				SWIFT_EMIT_LOC_STRINGS = NO;
				SWIFT_VERSION = 5.0;
				TARGETED_DEVICE_FAMILY = "1,2";
				TEST_TARGET_NAME = Certain;
			};
			name = Release;
		};
/* End XCBuildConfiguration section */

/* Begin XCConfigurationList section */
		22C50EDD2EF44BC8000FED8C /* Build configuration list for PBXProject "Certain" */ = {
			isa = XCConfigurationList;
			buildConfigurations = (
				22C50F012EF44BCB000FED8C /* Debug */,
				22C50F022EF44BCB000FED8C /* Release */,
			);
			defaultConfigurationIsVisible = 0;
			defaultConfigurationName = Release;
		};
		22C50F032EF44BCB000FED8C /* Build configuration list for PBXNativeTarget "Certain" */ = {
			isa = XCConfigurationList;
			buildConfigurations = (
				22C50F042EF44BCB000FED8C /* Debug */,
				22C50F052EF44BCB000FED8C /* Release */,
			);
			defaultConfigurationIsVisible = 0;
			defaultConfigurationName = Release;
		};
		22C50F062EF44BCB000FED8C /* Build configuration list for PBXNativeTarget "CertainTests" */ = {
			isa = XCConfigurationList;
			buildConfigurations = (
				22C50F072EF44BCB000FED8C /* Debug */,
				22C50F082EF44BCB000FED8C /* Release */,
			);
			defaultConfigurationIsVisible = 0;
			defaultConfigurationName = Release;
		};
		22C50F092EF44BCB000FED8C /* Build configuration list for PBXNativeTarget "CertainUITests" */ = {
			isa = XCConfigurationList;
			buildConfigurations = (
				22C50F0A2EF44BCB000FED8C /* Debug */,
				22C50F0B2EF44BCB000FED8C /* Release */,
			);
			defaultConfigurationIsVisible = 0;
			defaultConfigurationName = Release;
		};
/* End XCConfigurationList section */

/* Begin XCRemoteSwiftPackageReference section */
		224255F72F1A455B0088B260 /* XCRemoteSwiftPackageReference "posthog-ios" */ = {
			isa = XCRemoteSwiftPackageReference;
			repositoryURL = "https://github.com/PostHog/posthog-ios.git";
			requirement = {
				kind = upToNextMajorVersion;
				minimumVersion = 3.37.2;
			};
		};
		22692CD62F15502A00FEC1FE /* XCRemoteSwiftPackageReference "purchases-ios-spm" */ = {
			isa = XCRemoteSwiftPackageReference;
			repositoryURL = "https://github.com/RevenueCat/purchases-ios-spm.git";
			requirement = {
				kind = upToNextMajorVersion;
				minimumVersion = 5.54.0;
			};
		};
/* End XCRemoteSwiftPackageReference section */

/* Begin XCSwiftPackageProductDependency section */
		224255F82F1A455B0088B260 /* PostHog */ = {
			isa = XCSwiftPackageProductDependency;
			package = 224255F72F1A455B0088B260 /* XCRemoteSwiftPackageReference "posthog-ios" */;
			productName = PostHog;
		};
		22692CD72F15502A00FEC1FE /* RevenueCat */ = {
			isa = XCSwiftPackageProductDependency;
			package = 22692CD62F15502A00FEC1FE /* XCRemoteSwiftPackageReference "purchases-ios-spm" */;
			productName = RevenueCat;
		};
		22692CD92F15502A00FEC1FE /* RevenueCatUI */ = {
			isa = XCSwiftPackageProductDependency;
			package = 22692CD62F15502A00FEC1FE /* XCRemoteSwiftPackageReference "purchases-ios-spm" */;
			productName = RevenueCatUI;
		};
/* End XCSwiftPackageProductDependency section */
	};
	rootObject = 22C50EDA2EF44BC8000FED8C /* Project object */;
}
